
Microsoft Visual Studio Solution File, Format Version 12.00
# Visual Studio Version 17
VisualStudioVersion = 17.4.33213.308
MinimumVisualStudioVersion = 10.0.40219.1
Project("{FAE04EC0-301F-11D3-BF4B-00C04F79EFBC}") = "Lab_2-5", "Lab_2-5.csproj", "{159D75B4-364C-4FE8-B767-C22D0008BFD7}"
EndProject
Global
	GlobalSection(SolutionConfigurationPlatforms) = preSolution
		Debug|Any CPU = Debug|Any CPU
		Release|Any CPU = Release|Any CPU
	EndGlobalSection
	GlobalSection(ProjectConfigurationPlatforms) = postSolution
		{159D75B4-364C-4FE8-B767-C22D0008BFD7}.Debug|Any CPU.ActiveCfg = Debug|Any CPU
		{159D75B4-364C-4FE8-B767-C22D0008BFD7}.Debug|Any CPU.Build.0 = Debug|Any CPU
		{159D75B4-364C-4FE8-B767-C22D0008BFD7}.Release|Any CPU.ActiveCfg = Release|Any CPU
		{159D75B4-364C-4FE8-B767-C22D0008BFD7}.Release|Any CPU.Build.0 = Release|Any CPU
	EndGlobalSection
	GlobalSection(SolutionProperties) = preSolution
		HideSolutionNode = FALSE
	EndGlobalSection
	GlobalSection(ExtensibilityGlobals) = postSolution
		SolutionGuid = {CE22800D-D81D-4BD8-9AAB-B43FDD941A1D}
	EndGlobalSection
EndGlobal
