
Microsoft Visual Studio Solution File, Format Version 12.00
# Visual Studio Version 17
VisualStudioVersion = 17.4.33403.182
MinimumVisualStudioVersion = 10.0.40219.1
Project("{FAE04EC0-301F-11D3-BF4B-00C04F79EFBC}") = "Lab_2", "Lab_2.csproj", "{10BD4473-2EE3-4E1E-8109-1169503846C0}"
EndProject
Global
	GlobalSection(SolutionConfigurationPlatforms) = preSolution
		Debug|Any CPU = Debug|Any CPU
		Release|Any CPU = Release|Any CPU
	EndGlobalSection
	GlobalSection(ProjectConfigurationPlatforms) = postSolution
		{10BD4473-2EE3-4E1E-8109-1169503846C0}.Debug|Any CPU.ActiveCfg = Debug|Any CPU
		{10BD4473-2EE3-4E1E-8109-1169503846C0}.Debug|Any CPU.Build.0 = Debug|Any CPU
		{10BD4473-2EE3-4E1E-8109-1169503846C0}.Release|Any CPU.ActiveCfg = Release|Any CPU
		{10BD4473-2EE3-4E1E-8109-1169503846C0}.Release|Any CPU.Build.0 = Release|Any CPU
	EndGlobalSection
	GlobalSection(SolutionProperties) = preSolution
		HideSolutionNode = FALSE
	EndGlobalSection
	GlobalSection(ExtensibilityGlobals) = postSolution
		SolutionGuid = {5468FE44-3BFB-497E-AB74-449B98F36641}
	EndGlobalSection
EndGlobal
