
Microsoft Visual Studio Solution File, Format Version 12.00
Project("{FAE04EC0-301F-11D3-BF4B-00C04F79EFBC}") = "CResearch", "CResearch\CResearch.csproj", "{C573CCCB-1BB3-49C8-BECA-42C8C8C45CF5}"
EndProject
Global
	GlobalSection(SolutionConfigurationPlatforms) = preSolution
		Debug|Any CPU = Debug|Any CPU
		Release|Any CPU = Release|Any CPU
	EndGlobalSection
	GlobalSection(ProjectConfigurationPlatforms) = postSolution
		{C573CCCB-1BB3-49C8-BECA-42C8C8C45CF5}.Debug|Any CPU.ActiveCfg = Debug|Any CPU
		{C573CCCB-1BB3-49C8-BECA-42C8C8C45CF5}.Debug|Any CPU.Build.0 = Debug|Any CPU
		{C573CCCB-1BB3-49C8-BECA-42C8C8C45CF5}.Release|Any CPU.ActiveCfg = Release|Any CPU
		{C573CCCB-1BB3-49C8-BECA-42C8C8C45CF5}.Release|Any CPU.Build.0 = Release|Any CPU
	EndGlobalSection
EndGlobal
