
Microsoft Visual Studio Solution File, Format Version 12.00
# Visual Studio Version 17
VisualStudioVersion = 17.3.32825.248
MinimumVisualStudioVersion = 10.0.40219.1
Project("{FAE04EC0-301F-11D3-BF4B-00C04F79EFBC}") = "Lab_9", "Lab_9.csproj", "{A1E04A79-F663-42D8-80A9-1E3A8DCC7A0C}"
EndProject
Global
	GlobalSection(SolutionConfigurationPlatforms) = preSolution
		Debug|Any CPU = Debug|Any CPU
		Release|Any CPU = Release|Any CPU
	EndGlobalSection
	GlobalSection(ProjectConfigurationPlatforms) = postSolution
		{A1E04A79-F663-42D8-80A9-1E3A8DCC7A0C}.Debug|Any CPU.ActiveCfg = Debug|Any CPU
		{A1E04A79-F663-42D8-80A9-1E3A8DCC7A0C}.Debug|Any CPU.Build.0 = Debug|Any CPU
		{A1E04A79-F663-42D8-80A9-1E3A8DCC7A0C}.Release|Any CPU.ActiveCfg = Release|Any CPU
		{A1E04A79-F663-42D8-80A9-1E3A8DCC7A0C}.Release|Any CPU.Build.0 = Release|Any CPU
	EndGlobalSection
	GlobalSection(SolutionProperties) = preSolution
		HideSolutionNode = FALSE
	EndGlobalSection
	GlobalSection(ExtensibilityGlobals) = postSolution
		SolutionGuid = {32DCB0C3-9196-4484-8725-57898B444B5A}
	EndGlobalSection
EndGlobal
