
Microsoft Visual Studio Solution File, Format Version 12.00
# Visual Studio Version 17
VisualStudioVersion = 17.4.33213.308
MinimumVisualStudioVersion = 10.0.40219.1
Project("{8BC9CEB8-8B4A-11D0-8D11-00A0C91BC942}") = "EX_4", "EX_4.vcxproj", "{21978901-692E-4215-BD0A-6161DC1C65E4}"
EndProject
Global
	GlobalSection(SolutionConfigurationPlatforms) = preSolution
		Debug|x64 = Debug|x64
		Debug|x86 = Debug|x86
		Release|x64 = Release|x64
		Release|x86 = Release|x86
	EndGlobalSection
	GlobalSection(ProjectConfigurationPlatforms) = postSolution
		{21978901-692E-4215-BD0A-6161DC1C65E4}.Debug|x64.ActiveCfg = Debug|x64
		{21978901-692E-4215-BD0A-6161DC1C65E4}.Debug|x64.Build.0 = Debug|x64
		{21978901-692E-4215-BD0A-6161DC1C65E4}.Debug|x86.ActiveCfg = Debug|Win32
		{21978901-692E-4215-BD0A-6161DC1C65E4}.Debug|x86.Build.0 = Debug|Win32
		{21978901-692E-4215-BD0A-6161DC1C65E4}.Release|x64.ActiveCfg = Release|x64
		{21978901-692E-4215-BD0A-6161DC1C65E4}.Release|x64.Build.0 = Release|x64
		{21978901-692E-4215-BD0A-6161DC1C65E4}.Release|x86.ActiveCfg = Release|Win32
		{21978901-692E-4215-BD0A-6161DC1C65E4}.Release|x86.Build.0 = Release|Win32
	EndGlobalSection
	GlobalSection(SolutionProperties) = preSolution
		HideSolutionNode = FALSE
	EndGlobalSection
	GlobalSection(ExtensibilityGlobals) = postSolution
		SolutionGuid = {DDBFED9B-EC64-40A6-9DA5-44D337E5EC6F}
	EndGlobalSection
EndGlobal
