
Microsoft Visual Studio Solution File, Format Version 12.00
# Visual Studio Version 17
VisualStudioVersion = 17.2.32616.157
MinimumVisualStudioVersion = 10.0.40219.1
Project("{9A19103F-16F7-4668-BE54-9A1E7A4F7556}") = "laba_4", "laba_4.csproj", "{F8A6E00B-20B0-41F8-BF40-02367FAD4FB1}"
EndProject
Project("{2150E333-8FDC-42A3-9474-1A3956D46DE8}") = "Solution Items", "Solution Items", "{70DE128A-D05C-4F1E-8423-401F4A282C23}"
EndProject
Global
	GlobalSection(SolutionConfigurationPlatforms) = preSolution
		Debug|Any CPU = Debug|Any CPU
		Release|Any CPU = Release|Any CPU
	EndGlobalSection
	GlobalSection(ProjectConfigurationPlatforms) = postSolution
		{F8A6E00B-20B0-41F8-BF40-02367FAD4FB1}.Debug|Any CPU.ActiveCfg = Debug|Any CPU
		{F8A6E00B-20B0-41F8-BF40-02367FAD4FB1}.Debug|Any CPU.Build.0 = Debug|Any CPU
		{F8A6E00B-20B0-41F8-BF40-02367FAD4FB1}.Release|Any CPU.ActiveCfg = Release|Any CPU
		{F8A6E00B-20B0-41F8-BF40-02367FAD4FB1}.Release|Any CPU.Build.0 = Release|Any CPU
	EndGlobalSection
	GlobalSection(SolutionProperties) = preSolution
		HideSolutionNode = FALSE
	EndGlobalSection
	GlobalSection(ExtensibilityGlobals) = postSolution
		SolutionGuid = {FC54B323-167F-43D3-89C6-73D6FE60B5A7}
	EndGlobalSection
EndGlobal
