
Microsoft Visual Studio Solution File, Format Version 12.00
# Visual Studio 15
VisualStudioVersion = 15.0.28307.1000
MinimumVisualStudioVersion = 10.0.40219.1
Project("{8BC9CEB8-8B4A-11D0-8D11-00A0C91BC942}") = "RISLab2", "RISLab2\RISLab2.vcxproj", "{D7084147-2459-412C-BA43-60BE42BFD9AE}"
EndProject
Project("{8BC9CEB8-8B4A-11D0-8D11-00A0C91BC942}") = "RISLab2Server", "RISLab2Server\RISLab2Server.vcxproj", "{9425DC7B-D45C-4BA3-B572-9B9485D81FC1}"
EndProject
Global
	GlobalSection(SolutionConfigurationPlatforms) = preSolution
		Debug|x64 = Debug|x64
		Debug|x86 = Debug|x86
		Release|x64 = Release|x64
		Release|x86 = Release|x86
	EndGlobalSection
	GlobalSection(ProjectConfigurationPlatforms) = postSolution
		{D7084147-2459-412C-BA43-60BE42BFD9AE}.Debug|x64.ActiveCfg = Debug|x64
		{D7084147-2459-412C-BA43-60BE42BFD9AE}.Debug|x64.Build.0 = Debug|x64
		{D7084147-2459-412C-BA43-60BE42BFD9AE}.Debug|x86.ActiveCfg = Debug|Win32
		{D7084147-2459-412C-BA43-60BE42BFD9AE}.Debug|x86.Build.0 = Debug|Win32
		{D7084147-2459-412C-BA43-60BE42BFD9AE}.Release|x64.ActiveCfg = Release|x64
		{D7084147-2459-412C-BA43-60BE42BFD9AE}.Release|x64.Build.0 = Release|x64
		{D7084147-2459-412C-BA43-60BE42BFD9AE}.Release|x86.ActiveCfg = Release|Win32
		{D7084147-2459-412C-BA43-60BE42BFD9AE}.Release|x86.Build.0 = Release|Win32
		{9425DC7B-D45C-4BA3-B572-9B9485D81FC1}.Debug|x64.ActiveCfg = Debug|x64
		{9425DC7B-D45C-4BA3-B572-9B9485D81FC1}.Debug|x64.Build.0 = Debug|x64
		{9425DC7B-D45C-4BA3-B572-9B9485D81FC1}.Debug|x86.ActiveCfg = Debug|Win32
		{9425DC7B-D45C-4BA3-B572-9B9485D81FC1}.Debug|x86.Build.0 = Debug|Win32
		{9425DC7B-D45C-4BA3-B572-9B9485D81FC1}.Release|x64.ActiveCfg = Release|x64
		{9425DC7B-D45C-4BA3-B572-9B9485D81FC1}.Release|x64.Build.0 = Release|x64
		{9425DC7B-D45C-4BA3-B572-9B9485D81FC1}.Release|x86.ActiveCfg = Release|Win32
		{9425DC7B-D45C-4BA3-B572-9B9485D81FC1}.Release|x86.Build.0 = Release|Win32
	EndGlobalSection
	GlobalSection(SolutionProperties) = preSolution
		HideSolutionNode = FALSE
	EndGlobalSection
	GlobalSection(ExtensibilityGlobals) = postSolution
		SolutionGuid = {D34F86E0-0CD6-4B68-B6C9-6C3D9AF41848}
	EndGlobalSection
EndGlobal
