
Microsoft Visual Studio Solution File, Format Version 12.00
Project("{FAE04EC0-301F-11D3-BF4B-00C04F79EFBC}") = "MResearch", "MResearch\MResearch.csproj", "{CE19B7D5-87C8-4835-AD4C-E62902A81A80}"
EndProject
Global
	GlobalSection(SolutionConfigurationPlatforms) = preSolution
		Debug|Any CPU = Debug|Any CPU
		Release|Any CPU = Release|Any CPU
	EndGlobalSection
	GlobalSection(ProjectConfigurationPlatforms) = postSolution
		{CE19B7D5-87C8-4835-AD4C-E62902A81A80}.Debug|Any CPU.ActiveCfg = Debug|Any CPU
		{CE19B7D5-87C8-4835-AD4C-E62902A81A80}.Debug|Any CPU.Build.0 = Debug|Any CPU
		{CE19B7D5-87C8-4835-AD4C-E62902A81A80}.Release|Any CPU.ActiveCfg = Release|Any CPU
		{CE19B7D5-87C8-4835-AD4C-E62902A81A80}.Release|Any CPU.Build.0 = Release|Any CPU
	EndGlobalSection
EndGlobal
