
Microsoft Visual Studio Solution File, Format Version 12.00
# Visual Studio Version 17
VisualStudioVersion = 17.3.32825.248
MinimumVisualStudioVersion = 10.0.40219.1
Project("{FAE04EC0-301F-11D3-BF4B-00C04F79EFBC}") = "Control_work_2", "Control_work_2.csproj", "{DB40A933-7E3F-4CF0-A0BD-E4D390F96CFA}"
EndProject
Global
	GlobalSection(SolutionConfigurationPlatforms) = preSolution
		Debug|Any CPU = Debug|Any CPU
		Release|Any CPU = Release|Any CPU
	EndGlobalSection
	GlobalSection(ProjectConfigurationPlatforms) = postSolution
		{DB40A933-7E3F-4CF0-A0BD-E4D390F96CFA}.Debug|Any CPU.ActiveCfg = Debug|Any CPU
		{DB40A933-7E3F-4CF0-A0BD-E4D390F96CFA}.Debug|Any CPU.Build.0 = Debug|Any CPU
		{DB40A933-7E3F-4CF0-A0BD-E4D390F96CFA}.Release|Any CPU.ActiveCfg = Release|Any CPU
		{DB40A933-7E3F-4CF0-A0BD-E4D390F96CFA}.Release|Any CPU.Build.0 = Release|Any CPU
	EndGlobalSection
	GlobalSection(SolutionProperties) = preSolution
		HideSolutionNode = FALSE
	EndGlobalSection
	GlobalSection(ExtensibilityGlobals) = postSolution
		SolutionGuid = {94B1EA06-87F0-4C96-9A45-1A3095D40A4D}
	EndGlobalSection
EndGlobal
