
Microsoft Visual Studio Solution File, Format Version 12.00
# Visual Studio Version 16
VisualStudioVersion = 16.0.31005.135
MinimumVisualStudioVersion = 10.0.40219.1
Project("{8BC9CEB8-8B4A-11D0-8D11-00A0C91BC942}") = "lab2", "lab2\lab2.vcxproj", "{AF8A36FF-84F3-42D4-B347-CAB54D634602}"
EndProject
Project("{8BC9CEB8-8B4A-11D0-8D11-00A0C91BC942}") = "Server", "Server\Server.vcxproj", "{C9E067D0-9A09-432E-A21B-11110D5E4AE7}"
EndProject
Global
	GlobalSection(SolutionConfigurationPlatforms) = preSolution
		Debug|x64 = Debug|x64
		Debug|x86 = Debug|x86
		Release|x64 = Release|x64
		Release|x86 = Release|x86
	EndGlobalSection
	GlobalSection(ProjectConfigurationPlatforms) = postSolution
		{AF8A36FF-84F3-42D4-B347-CAB54D634602}.Debug|x64.ActiveCfg = Debug|x64
		{AF8A36FF-84F3-42D4-B347-CAB54D634602}.Debug|x64.Build.0 = Debug|x64
		{AF8A36FF-84F3-42D4-B347-CAB54D634602}.Debug|x86.ActiveCfg = Debug|Win32
		{AF8A36FF-84F3-42D4-B347-CAB54D634602}.Debug|x86.Build.0 = Debug|Win32
		{AF8A36FF-84F3-42D4-B347-CAB54D634602}.Release|x64.ActiveCfg = Release|x64
		{AF8A36FF-84F3-42D4-B347-CAB54D634602}.Release|x64.Build.0 = Release|x64
		{AF8A36FF-84F3-42D4-B347-CAB54D634602}.Release|x86.ActiveCfg = Release|Win32
		{AF8A36FF-84F3-42D4-B347-CAB54D634602}.Release|x86.Build.0 = Release|Win32
		{C9E067D0-9A09-432E-A21B-11110D5E4AE7}.Debug|x64.ActiveCfg = Debug|x64
		{C9E067D0-9A09-432E-A21B-11110D5E4AE7}.Debug|x64.Build.0 = Debug|x64
		{C9E067D0-9A09-432E-A21B-11110D5E4AE7}.Debug|x86.ActiveCfg = Debug|Win32
		{C9E067D0-9A09-432E-A21B-11110D5E4AE7}.Debug|x86.Build.0 = Debug|Win32
		{C9E067D0-9A09-432E-A21B-11110D5E4AE7}.Release|x64.ActiveCfg = Release|x64
		{C9E067D0-9A09-432E-A21B-11110D5E4AE7}.Release|x64.Build.0 = Release|x64
		{C9E067D0-9A09-432E-A21B-11110D5E4AE7}.Release|x86.ActiveCfg = Release|Win32
		{C9E067D0-9A09-432E-A21B-11110D5E4AE7}.Release|x86.Build.0 = Release|Win32
	EndGlobalSection
	GlobalSection(SolutionProperties) = preSolution
		HideSolutionNode = FALSE
	EndGlobalSection
	GlobalSection(ExtensibilityGlobals) = postSolution
		SolutionGuid = {FD9D393D-3E50-4FA9-B47B-937C65C5E8F3}
	EndGlobalSection
EndGlobal
