
Microsoft Visual Studio Solution File, Format Version 12.00
# Visual Studio Version 17
VisualStudioVersion = 17.4.33213.308
MinimumVisualStudioVersion = 10.0.40219.1
Project("{8BC9CEB8-8B4A-11D0-8D11-00A0C91BC942}") = "Lab_2", "Lab_2.vcxproj", "{7C5DB450-B1AC-4ACC-A115-9019E448EEF6}"
EndProject
Global
	GlobalSection(SolutionConfigurationPlatforms) = preSolution
		Debug|x64 = Debug|x64
		Debug|x86 = Debug|x86
		Release|x64 = Release|x64
		Release|x86 = Release|x86
	EndGlobalSection
	GlobalSection(ProjectConfigurationPlatforms) = postSolution
		{7C5DB450-B1AC-4ACC-A115-9019E448EEF6}.Debug|x64.ActiveCfg = Debug|x64
		{7C5DB450-B1AC-4ACC-A115-9019E448EEF6}.Debug|x64.Build.0 = Debug|x64
		{7C5DB450-B1AC-4ACC-A115-9019E448EEF6}.Debug|x86.ActiveCfg = Debug|Win32
		{7C5DB450-B1AC-4ACC-A115-9019E448EEF6}.Debug|x86.Build.0 = Debug|Win32
		{7C5DB450-B1AC-4ACC-A115-9019E448EEF6}.Release|x64.ActiveCfg = Release|x64
		{7C5DB450-B1AC-4ACC-A115-9019E448EEF6}.Release|x64.Build.0 = Release|x64
		{7C5DB450-B1AC-4ACC-A115-9019E448EEF6}.Release|x86.ActiveCfg = Release|Win32
		{7C5DB450-B1AC-4ACC-A115-9019E448EEF6}.Release|x86.Build.0 = Release|Win32
	EndGlobalSection
	GlobalSection(SolutionProperties) = preSolution
		HideSolutionNode = FALSE
	EndGlobalSection
	GlobalSection(ExtensibilityGlobals) = postSolution
		SolutionGuid = {F1B31257-2DA8-4B3F-AB91-CBB94DFB87B0}
	EndGlobalSection
EndGlobal
