
Microsoft Visual Studio Solution File, Format Version 12.00
# Visual Studio Version 17
VisualStudioVersion = 17.4.33403.182
MinimumVisualStudioVersion = 10.0.40219.1
Project("{FAE04EC0-301F-11D3-BF4B-00C04F79EFBC}") = "Test", "..\Test\Test.csproj", "{95346D69-A52B-4959-B6B7-B71982771F12}"
EndProject
Global
	GlobalSection(SolutionConfigurationPlatforms) = preSolution
		Debug|Any CPU = Debug|Any CPU
		Release|Any CPU = Release|Any CPU
	EndGlobalSection
	GlobalSection(ProjectConfigurationPlatforms) = postSolution
		{95346D69-A52B-4959-B6B7-B71982771F12}.Debug|Any CPU.ActiveCfg = Debug|Any CPU
		{95346D69-A52B-4959-B6B7-B71982771F12}.Debug|Any CPU.Build.0 = Debug|Any CPU
		{95346D69-A52B-4959-B6B7-B71982771F12}.Release|Any CPU.ActiveCfg = Release|Any CPU
		{95346D69-A52B-4959-B6B7-B71982771F12}.Release|Any CPU.Build.0 = Release|Any CPU
	EndGlobalSection
	GlobalSection(SolutionProperties) = preSolution
		HideSolutionNode = FALSE
	EndGlobalSection
	GlobalSection(ExtensibilityGlobals) = postSolution
		SolutionGuid = {27E63983-4B71-4BF8-A89D-960C170F9D43}
	EndGlobalSection
EndGlobal
