
Microsoft Visual Studio Solution File, Format Version 12.00
# Visual Studio Version 17
VisualStudioVersion = 17.3.32825.248
MinimumVisualStudioVersion = 10.0.40219.1
Project("{FAE04EC0-301F-11D3-BF4B-00C04F79EFBC}") = "laba_12", "laba_12.csproj", "{597B194A-3065-4D5B-90DF-0FE5F99DF8A1}"
EndProject
Global
	GlobalSection(SolutionConfigurationPlatforms) = preSolution
		Debug|Any CPU = Debug|Any CPU
		Release|Any CPU = Release|Any CPU
	EndGlobalSection
	GlobalSection(ProjectConfigurationPlatforms) = postSolution
		{597B194A-3065-4D5B-90DF-0FE5F99DF8A1}.Debug|Any CPU.ActiveCfg = Debug|Any CPU
		{597B194A-3065-4D5B-90DF-0FE5F99DF8A1}.Debug|Any CPU.Build.0 = Debug|Any CPU
		{597B194A-3065-4D5B-90DF-0FE5F99DF8A1}.Release|Any CPU.ActiveCfg = Release|Any CPU
		{597B194A-3065-4D5B-90DF-0FE5F99DF8A1}.Release|Any CPU.Build.0 = Release|Any CPU
	EndGlobalSection
	GlobalSection(SolutionProperties) = preSolution
		HideSolutionNode = FALSE
	EndGlobalSection
	GlobalSection(ExtensibilityGlobals) = postSolution
		SolutionGuid = {F1E77CA6-E883-441B-9CCC-44829C11000D}
	EndGlobalSection
EndGlobal
