
Microsoft Visual Studio Solution File, Format Version 12.00
Project("{FAE04EC0-301F-11D3-BF4B-00C04F79EFBC}") = "Research", "Research\Research.csproj", "{F7C534E7-790C-4976-A2ED-C7DE564DCA6D}"
EndProject
Global
	GlobalSection(SolutionConfigurationPlatforms) = preSolution
		Debug|Any CPU = Debug|Any CPU
		Release|Any CPU = Release|Any CPU
	EndGlobalSection
	GlobalSection(ProjectConfigurationPlatforms) = postSolution
		{F7C534E7-790C-4976-A2ED-C7DE564DCA6D}.Debug|Any CPU.ActiveCfg = Debug|Any CPU
		{F7C534E7-790C-4976-A2ED-C7DE564DCA6D}.Debug|Any CPU.Build.0 = Debug|Any CPU
		{F7C534E7-790C-4976-A2ED-C7DE564DCA6D}.Release|Any CPU.ActiveCfg = Release|Any CPU
		{F7C534E7-790C-4976-A2ED-C7DE564DCA6D}.Release|Any CPU.Build.0 = Release|Any CPU
	EndGlobalSection
EndGlobal
