
Microsoft Visual Studio Solution File, Format Version 12.00
# Visual Studio Version 17
VisualStudioVersion = 17.2.32516.85
MinimumVisualStudioVersion = 10.0.40219.1
Project("{8BC9CEB8-8B4A-11D0-8D11-00A0C91BC942}") = "OS07_02", "OS07_02\OS07_02.vcxproj", "{B33BB418-EF2B-4287-9818-271A0FE12785}"
EndProject
Project("{8BC9CEB8-8B4A-11D0-8D11-00A0C91BC942}") = "OS07_03", "OS07_03\OS07_03.vcxproj", "{00CE1B41-5295-49AB-9224-371E3DE051FA}"
EndProject
Project("{8BC9CEB8-8B4A-11D0-8D11-00A0C91BC942}") = "OS07_03A", "OS07_03A\OS07_03A.vcxproj", "{9F744C52-CD01-4DB1-9525-2BC9F5421E03}"
EndProject
Project("{8BC9CEB8-8B4A-11D0-8D11-00A0C91BC942}") = "OS07_03B", "OS07_03B\OS07_03B.vcxproj", "{7D4CB87A-DFAF-45DA-A8F3-FD10354752B0}"
EndProject
Project("{8BC9CEB8-8B4A-11D0-8D11-00A0C91BC942}") = "OS07_04", "OS07_04\OS07_04.vcxproj", "{AEA4FCFF-EF8B-4E53-A725-23A303796A7C}"
EndProject
Project("{8BC9CEB8-8B4A-11D0-8D11-00A0C91BC942}") = "OS07_04A", "OS07_04A\OS07_04A.vcxproj", "{796E2642-784A-453A-BF6D-AF7989C20949}"
EndProject
Project("{8BC9CEB8-8B4A-11D0-8D11-00A0C91BC942}") = "OS07_04B", "OS07_04B\OS07_04B.vcxproj", "{D8DB65CA-E7DB-4778-9E02-0C03DE9B715D}"
EndProject
Project("{8BC9CEB8-8B4A-11D0-8D11-00A0C91BC942}") = "OS07_05", "OS07_05\OS07_05.vcxproj", "{31873DC4-CEF4-4B1F-B188-F52F62D8AC72}"
EndProject
Project("{8BC9CEB8-8B4A-11D0-8D11-00A0C91BC942}") = "OS07_05A", "OS07_05A\OS07_05A.vcxproj", "{5FDFAA70-FF49-4402-AD02-BB8866338129}"
EndProject
Project("{8BC9CEB8-8B4A-11D0-8D11-00A0C91BC942}") = "OS07_05B", "OS07_05B\OS07_05B.vcxproj", "{7526BE8F-2A8B-4DAD-9C3A-D515B09DA147}"
EndProject
Project("{8BC9CEB8-8B4A-11D0-8D11-00A0C91BC942}") = "OS07_0", "OS07_0\OS07_0.vcxproj", "{A3C1B1C9-53D2-4067-969E-570315862209}"
EndProject
Global
	GlobalSection(SolutionConfigurationPlatforms) = preSolution
		Debug|x64 = Debug|x64
		Debug|x86 = Debug|x86
		Release|x64 = Release|x64
		Release|x86 = Release|x86
	EndGlobalSection
	GlobalSection(ProjectConfigurationPlatforms) = postSolution
		{B33BB418-EF2B-4287-9818-271A0FE12785}.Debug|x64.ActiveCfg = Debug|x64
		{B33BB418-EF2B-4287-9818-271A0FE12785}.Debug|x64.Build.0 = Debug|x64
		{B33BB418-EF2B-4287-9818-271A0FE12785}.Debug|x86.ActiveCfg = Debug|Win32
		{B33BB418-EF2B-4287-9818-271A0FE12785}.Debug|x86.Build.0 = Debug|Win32
		{B33BB418-EF2B-4287-9818-271A0FE12785}.Release|x64.ActiveCfg = Release|x64
		{B33BB418-EF2B-4287-9818-271A0FE12785}.Release|x64.Build.0 = Release|x64
		{B33BB418-EF2B-4287-9818-271A0FE12785}.Release|x86.ActiveCfg = Release|Win32
		{B33BB418-EF2B-4287-9818-271A0FE12785}.Release|x86.Build.0 = Release|Win32
		{00CE1B41-5295-49AB-9224-371E3DE051FA}.Debug|x64.ActiveCfg = Debug|x64
		{00CE1B41-5295-49AB-9224-371E3DE051FA}.Debug|x64.Build.0 = Debug|x64
		{00CE1B41-5295-49AB-9224-371E3DE051FA}.Debug|x86.ActiveCfg = Debug|Win32
		{00CE1B41-5295-49AB-9224-371E3DE051FA}.Debug|x86.Build.0 = Debug|Win32
		{00CE1B41-5295-49AB-9224-371E3DE051FA}.Release|x64.ActiveCfg = Release|x64
		{00CE1B41-5295-49AB-9224-371E3DE051FA}.Release|x64.Build.0 = Release|x64
		{00CE1B41-5295-49AB-9224-371E3DE051FA}.Release|x86.ActiveCfg = Release|Win32
		{00CE1B41-5295-49AB-9224-371E3DE051FA}.Release|x86.Build.0 = Release|Win32
		{9F744C52-CD01-4DB1-9525-2BC9F5421E03}.Debug|x64.ActiveCfg = Debug|x64
		{9F744C52-CD01-4DB1-9525-2BC9F5421E03}.Debug|x64.Build.0 = Debug|x64
		{9F744C52-CD01-4DB1-9525-2BC9F5421E03}.Debug|x86.ActiveCfg = Debug|Win32
		{9F744C52-CD01-4DB1-9525-2BC9F5421E03}.Debug|x86.Build.0 = Debug|Win32
		{9F744C52-CD01-4DB1-9525-2BC9F5421E03}.Release|x64.ActiveCfg = Release|x64
		{9F744C52-CD01-4DB1-9525-2BC9F5421E03}.Release|x64.Build.0 = Release|x64
		{9F744C52-CD01-4DB1-9525-2BC9F5421E03}.Release|x86.ActiveCfg = Release|Win32
		{9F744C52-CD01-4DB1-9525-2BC9F5421E03}.Release|x86.Build.0 = Release|Win32
		{7D4CB87A-DFAF-45DA-A8F3-FD10354752B0}.Debug|x64.ActiveCfg = Debug|x64
		{7D4CB87A-DFAF-45DA-A8F3-FD10354752B0}.Debug|x64.Build.0 = Debug|x64
		{7D4CB87A-DFAF-45DA-A8F3-FD10354752B0}.Debug|x86.ActiveCfg = Debug|Win32
		{7D4CB87A-DFAF-45DA-A8F3-FD10354752B0}.Debug|x86.Build.0 = Debug|Win32
		{7D4CB87A-DFAF-45DA-A8F3-FD10354752B0}.Release|x64.ActiveCfg = Release|x64
		{7D4CB87A-DFAF-45DA-A8F3-FD10354752B0}.Release|x64.Build.0 = Release|x64
		{7D4CB87A-DFAF-45DA-A8F3-FD10354752B0}.Release|x86.ActiveCfg = Release|Win32
		{7D4CB87A-DFAF-45DA-A8F3-FD10354752B0}.Release|x86.Build.0 = Release|Win32
		{AEA4FCFF-EF8B-4E53-A725-23A303796A7C}.Debug|x64.ActiveCfg = Debug|x64
		{AEA4FCFF-EF8B-4E53-A725-23A303796A7C}.Debug|x64.Build.0 = Debug|x64
		{AEA4FCFF-EF8B-4E53-A725-23A303796A7C}.Debug|x86.ActiveCfg = Debug|Win32
		{AEA4FCFF-EF8B-4E53-A725-23A303796A7C}.Debug|x86.Build.0 = Debug|Win32
		{AEA4FCFF-EF8B-4E53-A725-23A303796A7C}.Release|x64.ActiveCfg = Release|x64
		{AEA4FCFF-EF8B-4E53-A725-23A303796A7C}.Release|x64.Build.0 = Release|x64
		{AEA4FCFF-EF8B-4E53-A725-23A303796A7C}.Release|x86.ActiveCfg = Release|Win32
		{AEA4FCFF-EF8B-4E53-A725-23A303796A7C}.Release|x86.Build.0 = Release|Win32
		{796E2642-784A-453A-BF6D-AF7989C20949}.Debug|x64.ActiveCfg = Debug|x64
		{796E2642-784A-453A-BF6D-AF7989C20949}.Debug|x64.Build.0 = Debug|x64
		{796E2642-784A-453A-BF6D-AF7989C20949}.Debug|x86.ActiveCfg = Debug|Win32
		{796E2642-784A-453A-BF6D-AF7989C20949}.Debug|x86.Build.0 = Debug|Win32
		{796E2642-784A-453A-BF6D-AF7989C20949}.Release|x64.ActiveCfg = Release|x64
		{796E2642-784A-453A-BF6D-AF7989C20949}.Release|x64.Build.0 = Release|x64
		{796E2642-784A-453A-BF6D-AF7989C20949}.Release|x86.ActiveCfg = Release|Win32
		{796E2642-784A-453A-BF6D-AF7989C20949}.Release|x86.Build.0 = Release|Win32
		{D8DB65CA-E7DB-4778-9E02-0C03DE9B715D}.Debug|x64.ActiveCfg = Debug|x64
		{D8DB65CA-E7DB-4778-9E02-0C03DE9B715D}.Debug|x64.Build.0 = Debug|x64
		{D8DB65CA-E7DB-4778-9E02-0C03DE9B715D}.Debug|x86.ActiveCfg = Debug|Win32
		{D8DB65CA-E7DB-4778-9E02-0C03DE9B715D}.Debug|x86.Build.0 = Debug|Win32
		{D8DB65CA-E7DB-4778-9E02-0C03DE9B715D}.Release|x64.ActiveCfg = Release|x64
		{D8DB65CA-E7DB-4778-9E02-0C03DE9B715D}.Release|x64.Build.0 = Release|x64
		{D8DB65CA-E7DB-4778-9E02-0C03DE9B715D}.Release|x86.ActiveCfg = Release|Win32
		{D8DB65CA-E7DB-4778-9E02-0C03DE9B715D}.Release|x86.Build.0 = Release|Win32
		{31873DC4-CEF4-4B1F-B188-F52F62D8AC72}.Debug|x64.ActiveCfg = Debug|x64
		{31873DC4-CEF4-4B1F-B188-F52F62D8AC72}.Debug|x64.Build.0 = Debug|x64
		{31873DC4-CEF4-4B1F-B188-F52F62D8AC72}.Debug|x86.ActiveCfg = Debug|Win32
		{31873DC4-CEF4-4B1F-B188-F52F62D8AC72}.Debug|x86.Build.0 = Debug|Win32
		{31873DC4-CEF4-4B1F-B188-F52F62D8AC72}.Release|x64.ActiveCfg = Release|x64
		{31873DC4-CEF4-4B1F-B188-F52F62D8AC72}.Release|x64.Build.0 = Release|x64
		{31873DC4-CEF4-4B1F-B188-F52F62D8AC72}.Release|x86.ActiveCfg = Release|Win32
		{31873DC4-CEF4-4B1F-B188-F52F62D8AC72}.Release|x86.Build.0 = Release|Win32
		{5FDFAA70-FF49-4402-AD02-BB8866338129}.Debug|x64.ActiveCfg = Debug|x64
		{5FDFAA70-FF49-4402-AD02-BB8866338129}.Debug|x64.Build.0 = Debug|x64
		{5FDFAA70-FF49-4402-AD02-BB8866338129}.Debug|x86.ActiveCfg = Debug|Win32
		{5FDFAA70-FF49-4402-AD02-BB8866338129}.Debug|x86.Build.0 = Debug|Win32
		{5FDFAA70-FF49-4402-AD02-BB8866338129}.Release|x64.ActiveCfg = Release|x64
		{5FDFAA70-FF49-4402-AD02-BB8866338129}.Release|x64.Build.0 = Release|x64
		{5FDFAA70-FF49-4402-AD02-BB8866338129}.Release|x86.ActiveCfg = Release|Win32
		{5FDFAA70-FF49-4402-AD02-BB8866338129}.Release|x86.Build.0 = Release|Win32
		{7526BE8F-2A8B-4DAD-9C3A-D515B09DA147}.Debug|x64.ActiveCfg = Debug|x64
		{7526BE8F-2A8B-4DAD-9C3A-D515B09DA147}.Debug|x64.Build.0 = Debug|x64
		{7526BE8F-2A8B-4DAD-9C3A-D515B09DA147}.Debug|x86.ActiveCfg = Debug|Win32
		{7526BE8F-2A8B-4DAD-9C3A-D515B09DA147}.Debug|x86.Build.0 = Debug|Win32
		{7526BE8F-2A8B-4DAD-9C3A-D515B09DA147}.Release|x64.ActiveCfg = Release|x64
		{7526BE8F-2A8B-4DAD-9C3A-D515B09DA147}.Release|x64.Build.0 = Release|x64
		{7526BE8F-2A8B-4DAD-9C3A-D515B09DA147}.Release|x86.ActiveCfg = Release|Win32
		{7526BE8F-2A8B-4DAD-9C3A-D515B09DA147}.Release|x86.Build.0 = Release|Win32
		{A3C1B1C9-53D2-4067-969E-570315862209}.Debug|x64.ActiveCfg = Debug|x64
		{A3C1B1C9-53D2-4067-969E-570315862209}.Debug|x64.Build.0 = Debug|x64
		{A3C1B1C9-53D2-4067-969E-570315862209}.Debug|x86.ActiveCfg = Debug|Win32
		{A3C1B1C9-53D2-4067-969E-570315862209}.Debug|x86.Build.0 = Debug|Win32
		{A3C1B1C9-53D2-4067-969E-570315862209}.Release|x64.ActiveCfg = Release|x64
		{A3C1B1C9-53D2-4067-969E-570315862209}.Release|x64.Build.0 = Release|x64
		{A3C1B1C9-53D2-4067-969E-570315862209}.Release|x86.ActiveCfg = Release|Win32
		{A3C1B1C9-53D2-4067-969E-570315862209}.Release|x86.Build.0 = Release|Win32
	EndGlobalSection
	GlobalSection(SolutionProperties) = preSolution
		HideSolutionNode = FALSE
	EndGlobalSection
	GlobalSection(ExtensibilityGlobals) = postSolution
		SolutionGuid = {DD754D25-4F1E-45BB-9548-4A6CA4F5766B}
	EndGlobalSection
EndGlobal
