
Microsoft Visual Studio Solution File, Format Version 12.00
# Visual Studio Version 17
VisualStudioVersion = 17.4.33213.308
MinimumVisualStudioVersion = 10.0.40219.1
Project("{FAE04EC0-301F-11D3-BF4B-00C04F79EFBC}") = "Lab_1", "Lab_1.csproj", "{4F068244-299C-4727-B886-DD6ECD364A97}"
EndProject
Global
	GlobalSection(SolutionConfigurationPlatforms) = preSolution
		Debug|Any CPU = Debug|Any CPU
		Release|Any CPU = Release|Any CPU
	EndGlobalSection
	GlobalSection(ProjectConfigurationPlatforms) = postSolution
		{4F068244-299C-4727-B886-DD6ECD364A97}.Debug|Any CPU.ActiveCfg = Debug|Any CPU
		{4F068244-299C-4727-B886-DD6ECD364A97}.Debug|Any CPU.Build.0 = Debug|Any CPU
		{4F068244-299C-4727-B886-DD6ECD364A97}.Release|Any CPU.ActiveCfg = Release|Any CPU
		{4F068244-299C-4727-B886-DD6ECD364A97}.Release|Any CPU.Build.0 = Release|Any CPU
	EndGlobalSection
	GlobalSection(SolutionProperties) = preSolution
		HideSolutionNode = FALSE
	EndGlobalSection
	GlobalSection(ExtensibilityGlobals) = postSolution
		SolutionGuid = {78055A7D-A328-44AC-8440-E1770B43FB74}
	EndGlobalSection
EndGlobal
