
Microsoft Visual Studio Solution File, Format Version 12.00
# Visual Studio Version 17
VisualStudioVersion = 17.4.33205.214
MinimumVisualStudioVersion = 10.0.40219.1
Project("{9A19103F-16F7-4668-BE54-9A1E7A4F7556}") = "SecondClient", "SecondClien\SecondClient.csproj", "{68894585-B7B3-4D96-B0A0-ECD9016B78D0}"
EndProject
Project("{9A19103F-16F7-4668-BE54-9A1E7A4F7556}") = "DatabaseClasses", "..\Generator\DatabaseClasses\DatabaseClasses.csproj", "{59D03B93-AD9C-4D75-8227-EDD3EA99DA0C}"
EndProject
Global
	GlobalSection(SolutionConfigurationPlatforms) = preSolution
		Debug|Any CPU = Debug|Any CPU
		Release|Any CPU = Release|Any CPU
	EndGlobalSection
	GlobalSection(ProjectConfigurationPlatforms) = postSolution
		{68894585-B7B3-4D96-B0A0-ECD9016B78D0}.Debug|Any CPU.ActiveCfg = Debug|Any CPU
		{68894585-B7B3-4D96-B0A0-ECD9016B78D0}.Debug|Any CPU.Build.0 = Debug|Any CPU
		{68894585-B7B3-4D96-B0A0-ECD9016B78D0}.Release|Any CPU.ActiveCfg = Release|Any CPU
		{68894585-B7B3-4D96-B0A0-ECD9016B78D0}.Release|Any CPU.Build.0 = Release|Any CPU
		{59D03B93-AD9C-4D75-8227-EDD3EA99DA0C}.Debug|Any CPU.ActiveCfg = Debug|Any CPU
		{59D03B93-AD9C-4D75-8227-EDD3EA99DA0C}.Debug|Any CPU.Build.0 = Debug|Any CPU
		{59D03B93-AD9C-4D75-8227-EDD3EA99DA0C}.Release|Any CPU.ActiveCfg = Release|Any CPU
		{59D03B93-AD9C-4D75-8227-EDD3EA99DA0C}.Release|Any CPU.Build.0 = Release|Any CPU
	EndGlobalSection
	GlobalSection(SolutionProperties) = preSolution
		HideSolutionNode = FALSE
	EndGlobalSection
	GlobalSection(ExtensibilityGlobals) = postSolution
		SolutionGuid = {DC7D376B-A4C6-4013-A527-FECF5F8ABC0F}
	EndGlobalSection
EndGlobal
