
Microsoft Visual Studio Solution File, Format Version 12.00
# Visual Studio Version 17
VisualStudioVersion = 17.4.33403.182
MinimumVisualStudioVersion = 10.0.40219.1
Project("{9A19103F-16F7-4668-BE54-9A1E7A4F7556}") = "Lab6Lib", "Lab6Lib.csproj", "{AC1516FF-FEB7-44E8-B341-2D2E0810C797}"
EndProject
Project("{FAE04EC0-301F-11D3-BF4B-00C04F79EFBC}") = "Main", "..\Main\Main.csproj", "{5B21FCE2-8030-4C71-B729-822E18D9D0D4}"
EndProject
Global
	GlobalSection(SolutionConfigurationPlatforms) = preSolution
		Debug|Any CPU = Debug|Any CPU
		Release|Any CPU = Release|Any CPU
	EndGlobalSection
	GlobalSection(ProjectConfigurationPlatforms) = postSolution
		{AC1516FF-FEB7-44E8-B341-2D2E0810C797}.Debug|Any CPU.ActiveCfg = Debug|Any CPU
		{AC1516FF-FEB7-44E8-B341-2D2E0810C797}.Debug|Any CPU.Build.0 = Debug|Any CPU
		{AC1516FF-FEB7-44E8-B341-2D2E0810C797}.Release|Any CPU.ActiveCfg = Release|Any CPU
		{AC1516FF-FEB7-44E8-B341-2D2E0810C797}.Release|Any CPU.Build.0 = Release|Any CPU
		{5B21FCE2-8030-4C71-B729-822E18D9D0D4}.Debug|Any CPU.ActiveCfg = Debug|Any CPU
		{5B21FCE2-8030-4C71-B729-822E18D9D0D4}.Debug|Any CPU.Build.0 = Debug|Any CPU
		{5B21FCE2-8030-4C71-B729-822E18D9D0D4}.Release|Any CPU.ActiveCfg = Release|Any CPU
		{5B21FCE2-8030-4C71-B729-822E18D9D0D4}.Release|Any CPU.Build.0 = Release|Any CPU
	EndGlobalSection
	GlobalSection(SolutionProperties) = preSolution
		HideSolutionNode = FALSE
	EndGlobalSection
	GlobalSection(ExtensibilityGlobals) = postSolution
		SolutionGuid = {1A165C6D-4140-4A22-AD38-9C962BDBDCF0}
	EndGlobalSection
EndGlobal
